
Microsoft Visual Studio Solution File, Format Version 12.00
# Visual Studio Version 17
VisualStudioVersion = 17.5.33627.172
MinimumVisualStudioVersion = 10.0.40219.1
Project("{9A19103F-16F7-4668-BE54-9A1E7A4F7556}") = "JamesWebUI.Server", "JamesWebUI\Server\JamesWebUI.Server.csproj", "{B5E37AD0-0451-41EC-8498-F66B55C6F239}"
EndProject
Project("{9A19103F-16F7-4668-BE54-9A1E7A4F7556}") = "JamesWebUI.Client", "JamesWebUI\Client\JamesWebUI.Client.csproj", "{9018C7BD-D5DA-406C-B01C-75CB4237B41C}"
EndProject
Project("{9A19103F-16F7-4668-BE54-9A1E7A4F7556}") = "James.Shared", "Shared\James.Shared.csproj", "{AFD8D275-7A09-4DEC-8DD6-3717AFC45E1C}"
EndProject
Project("{2150E333-8FDC-42A3-9474-1A3956D46DE8}") = "WebUI", "WebUI", "{A6DECE62-8499-4728-A573-7DAB821857D5}"
EndProject
Project("{2150E333-8FDC-42A3-9474-1A3956D46DE8}") = "Solution Items", "Solution Items", "{E263081F-5060-47AA-A8E0-CCB9ADC36FBD}"
	ProjectSection(SolutionItems) = preProject
		Auth0Setup.txt = Auth0Setup.txt
	EndProjectSection
EndProject
Project("{2150E333-8FDC-42A3-9474-1A3956D46DE8}") = "Data", "Data", "{C60478F9-28B0-415F-9FC6-39D8506F7B62}"
EndProject
Project("{2150E333-8FDC-42A3-9474-1A3956D46DE8}") = "BusinessLogic", "BusinessLogic", "{15F9E100-B307-4CB4-B4D4-0FC6D27AB22C}"
EndProject
Project("{2150E333-8FDC-42A3-9474-1A3956D46DE8}") = "Test", "Test", "{69BB7FC5-8EE7-450A-8072-E0A8043515DD}"
EndProject
Project("{9A19103F-16F7-4668-BE54-9A1E7A4F7556}") = "James.Shared.Test", "Test\James.Shared.Test\James.Shared.Test.csproj", "{ABD268FB-75F6-46C7-B0A9-69D9F7AE3034}"
EndProject
Project("{9A19103F-16F7-4668-BE54-9A1E7A4F7556}") = "James.Data.Server", "Data\JamesDAL.Server\James.Data.Server.csproj", "{B26FEE6F-95A3-4BBC-BF3D-5BA94FBF2984}"
EndProject
Project("{2150E333-8FDC-42A3-9474-1A3956D46DE8}") = "Utilities", "Utilities", "{9D840E97-D1E6-4AA1-BD8F-FCFF04617E3B}"
EndProject
Project("{9A19103F-16F7-4668-BE54-9A1E7A4F7556}") = "ApplicationLog", "..\JApplicationLog\ApplicationLog.csproj", "{E1B4E482-161C-4C82-84FE-EA754A308A6C}"
EndProject
Global
	GlobalSection(SolutionConfigurationPlatforms) = preSolution
		Debug|Any CPU = Debug|Any CPU
		Release|Any CPU = Release|Any CPU
	EndGlobalSection
	GlobalSection(ProjectConfigurationPlatforms) = postSolution
		{B5E37AD0-0451-41EC-8498-F66B55C6F239}.Debug|Any CPU.ActiveCfg = Debug|Any CPU
		{B5E37AD0-0451-41EC-8498-F66B55C6F239}.Debug|Any CPU.Build.0 = Debug|Any CPU
		{B5E37AD0-0451-41EC-8498-F66B55C6F239}.Release|Any CPU.ActiveCfg = Release|Any CPU
		{B5E37AD0-0451-41EC-8498-F66B55C6F239}.Release|Any CPU.Build.0 = Release|Any CPU
		{9018C7BD-D5DA-406C-B01C-75CB4237B41C}.Debug|Any CPU.ActiveCfg = Debug|Any CPU
		{9018C7BD-D5DA-406C-B01C-75CB4237B41C}.Debug|Any CPU.Build.0 = Debug|Any CPU
		{9018C7BD-D5DA-406C-B01C-75CB4237B41C}.Release|Any CPU.ActiveCfg = Release|Any CPU
		{9018C7BD-D5DA-406C-B01C-75CB4237B41C}.Release|Any CPU.Build.0 = Release|Any CPU
		{AFD8D275-7A09-4DEC-8DD6-3717AFC45E1C}.Debug|Any CPU.ActiveCfg = Debug|Any CPU
		{AFD8D275-7A09-4DEC-8DD6-3717AFC45E1C}.Debug|Any CPU.Build.0 = Debug|Any CPU
		{AFD8D275-7A09-4DEC-8DD6-3717AFC45E1C}.Release|Any CPU.ActiveCfg = Release|Any CPU
		{AFD8D275-7A09-4DEC-8DD6-3717AFC45E1C}.Release|Any CPU.Build.0 = Release|Any CPU
		{ABD268FB-75F6-46C7-B0A9-69D9F7AE3034}.Debug|Any CPU.ActiveCfg = Debug|Any CPU
		{ABD268FB-75F6-46C7-B0A9-69D9F7AE3034}.Release|Any CPU.ActiveCfg = Release|Any CPU
		{B26FEE6F-95A3-4BBC-BF3D-5BA94FBF2984}.Debug|Any CPU.ActiveCfg = Debug|Any CPU
		{B26FEE6F-95A3-4BBC-BF3D-5BA94FBF2984}.Debug|Any CPU.Build.0 = Debug|Any CPU
		{B26FEE6F-95A3-4BBC-BF3D-5BA94FBF2984}.Release|Any CPU.ActiveCfg = Release|Any CPU
		{B26FEE6F-95A3-4BBC-BF3D-5BA94FBF2984}.Release|Any CPU.Build.0 = Release|Any CPU
		{E1B4E482-161C-4C82-84FE-EA754A308A6C}.Debug|Any CPU.ActiveCfg = Debug|Any CPU
		{E1B4E482-161C-4C82-84FE-EA754A308A6C}.Debug|Any CPU.Build.0 = Debug|Any CPU
		{E1B4E482-161C-4C82-84FE-EA754A308A6C}.Release|Any CPU.ActiveCfg = Release|Any CPU
		{E1B4E482-161C-4C82-84FE-EA754A308A6C}.Release|Any CPU.Build.0 = Release|Any CPU
	EndGlobalSection
	GlobalSection(SolutionProperties) = preSolution
		HideSolutionNode = FALSE
	EndGlobalSection
	GlobalSection(NestedProjects) = preSolution
		{B5E37AD0-0451-41EC-8498-F66B55C6F239} = {A6DECE62-8499-4728-A573-7DAB821857D5}
		{9018C7BD-D5DA-406C-B01C-75CB4237B41C} = {A6DECE62-8499-4728-A573-7DAB821857D5}
		{ABD268FB-75F6-46C7-B0A9-69D9F7AE3034} = {69BB7FC5-8EE7-450A-8072-E0A8043515DD}
		{B26FEE6F-95A3-4BBC-BF3D-5BA94FBF2984} = {C60478F9-28B0-415F-9FC6-39D8506F7B62}
		{E1B4E482-161C-4C82-84FE-EA754A308A6C} = {9D840E97-D1E6-4AA1-BD8F-FCFF04617E3B}
	EndGlobalSection
	GlobalSection(ExtensibilityGlobals) = postSolution
		SolutionGuid = {C162C589-90F1-41BB-A1C8-5C250EDB98A3}
	EndGlobalSection
EndGlobal
