
Microsoft Visual Studio Solution File, Format Version 12.00
# Visual Studio Version 17
VisualStudioVersion = 17.5.33627.172
MinimumVisualStudioVersion = 10.0.40219.1
Project("{9A19103F-16F7-4668-BE54-9A1E7A4F7556}") = "JamesWebUI.Server", "JamesWebUI\Server\JamesWebUI.Server.csproj", "{B5E37AD0-0451-41EC-8498-F66B55C6F239}"
EndProject
Project("{9A19103F-16F7-4668-BE54-9A1E7A4F7556}") = "JamesWebUI.Client", "JamesWebUI\Client\JamesWebUI.Client.csproj", "{9018C7BD-D5DA-406C-B01C-75CB4237B41C}"
EndProject
Project("{9A19103F-16F7-4668-BE54-9A1E7A4F7556}") = "James.Shared", "Shared\James.Shared.csproj", "{AFD8D275-7A09-4DEC-8DD6-3717AFC45E1C}"
EndProject
Project("{2150E333-8FDC-42A3-9474-1A3956D46DE8}") = "WebUI", "WebUI", "{A6DECE62-8499-4728-A573-7DAB821857D5}"
EndProject
Project("{2150E333-8FDC-42A3-9474-1A3956D46DE8}") = "BusinessLogic", "BusinessLogic", "{32C675E5-A9CC-4CCE-9E53-5C11C878B80D}"
EndProject
Project("{2150E333-8FDC-42A3-9474-1A3956D46DE8}") = "Tests", "Tests", "{04945184-A793-460B-9E99-1677344634DB}"
EndProject
Project("{2150E333-8FDC-42A3-9474-1A3956D46DE8}") = "Tasks", "Tasks", "{1FBC6BEA-6CAF-49A5-9FDB-B1D32DF76D22}"
EndProject
Project("{9A19103F-16F7-4668-BE54-9A1E7A4F7556}") = "JamesTasks", "..\JHangfire\JamesTasks\JamesTasks.csproj", "{6400BD40-7CE0-4A30-B65F-AE061BE4E425}"
EndProject
Project("{2150E333-8FDC-42A3-9474-1A3956D46DE8}") = "BusinessLogic", "BusinessLogic", "{6BDD2B68-EED0-4DEC-95A4-982579E4C11F}"
EndProject
Project("{2150E333-8FDC-42A3-9474-1A3956D46DE8}") = "Shared Projects", "Shared Projects", "{0218FE7A-E0BE-4792-B2F3-CBB2E7A75E8C}"
EndProject
Project("{9A19103F-16F7-4668-BE54-9A1E7A4F7556}") = "ApplicationLog", "..\JApplicationLog\ApplicationLog.csproj", "{C1CD5A75-67A9-4CDB-89B4-DC4F67284D96}"
EndProject
Project("{9A19103F-16F7-4668-BE54-9A1E7A4F7556}") = "RenewalAutomation", "..\JHangfire\RenewalAutomation\RenewalAutomation.csproj", "{3006A122-E8AC-4F2B-9D79-79A530947807}"
EndProject
Project("{9A19103F-16F7-4668-BE54-9A1E7A4F7556}") = "EtlJobs", "..\JHangfire\EtlJobs\EtlJobs.csproj", "{D762C4B7-CB0B-445B-B948-4A2B7223DCF3}"
EndProject
Project("{2150E333-8FDC-42A3-9474-1A3956D46DE8}") = "Tasks", "Tasks", "{210E0F53-D134-4BC3-883A-2210C23DE632}"
EndProject
Project("{9A19103F-16F7-4668-BE54-9A1E7A4F7556}") = "EtlTests", "..\JHangfire\EtlTests\EtlTests.csproj", "{971253B3-FD55-41BC-9E84-47C92DFC95E7}"
EndProject
Project("{9A19103F-16F7-4668-BE54-9A1E7A4F7556}") = "JamesShared.Tests", "Tests\JamesShared.Tests\JamesShared.Tests.csproj", "{562A2D67-69F2-4F7C-BBBF-3C60BC6D460A}"
EndProject
Project("{9A19103F-16F7-4668-BE54-9A1E7A4F7556}") = "ClientBusinessLogic.Tests", "Tests\BusinessLogic\ClientBusinessLogic.Tests\ClientBusinessLogic.Tests.csproj", "{C589FBBC-1891-44C7-8CE8-FA63A13C08F2}"
EndProject
Project("{9A19103F-16F7-4668-BE54-9A1E7A4F7556}") = "ServerBusinessLogic.Tests", "Tests\BusinessLogic\ServerBusinessLogic.Tests\ServerBusinessLogic.Tests.csproj", "{C593282A-191C-46DE-83AA-14E18F5121D5}"
EndProject
Project("{9A19103F-16F7-4668-BE54-9A1E7A4F7556}") = "SharedBusinessLogic.Tests", "Tests\BusinessLogic\SharedBusinessLogic.Tests\SharedBusinessLogic.Tests.csproj", "{74D1598A-43BF-486E-B9C0-B67A0E3E5F57}"
EndProject
Project("{9A19103F-16F7-4668-BE54-9A1E7A4F7556}") = "ClientBusinessLogic", "BusinessLogic\ClientBusinessLogic\ClientBusinessLogic.csproj", "{7F19F3A6-14B8-4CEA-98F3-1477CC2DAE1F}"
EndProject
Project("{9A19103F-16F7-4668-BE54-9A1E7A4F7556}") = "ServerBusinssLogic", "BusinessLogic\ServerBusinssLogic\ServerBusinssLogic.csproj", "{DD5626D3-F4DC-433F-B34E-7D0FEECB837B}"
EndProject
Project("{9A19103F-16F7-4668-BE54-9A1E7A4F7556}") = "SharedBusinessLogic", "BusinessLogic\SharedBusinessLogic\SharedBusinessLogic.csproj", "{5B38D15C-C362-46E0-AE2E-C2FC95543518}"
EndProject
Project("{2150E333-8FDC-42A3-9474-1A3956D46DE8}") = "Data", "Data", "{E21EF892-B8CD-4124-908C-DFD7D05F6FF8}"
EndProject
Project("{9A19103F-16F7-4668-BE54-9A1E7A4F7556}") = "Dotmim.Sync.Core", "..\JDotmim.Sync\Projects\Dotmim.Sync.Core\Dotmim.Sync.Core.csproj", "{64DC2298-2665-4F13-914F-589F2D31DC42}"
EndProject
Project("{9A19103F-16F7-4668-BE54-9A1E7A4F7556}") = "Dotmim.Sync.SqlServer", "..\JDotmim.Sync\Projects\Dotmim.Sync.SqlServer\Dotmim.Sync.SqlServer.csproj", "{DABDE70D-5A06-465B-AE7A-DF50032E289A}"
EndProject
Project("{9A19103F-16F7-4668-BE54-9A1E7A4F7556}") = "Dotmim.Sync.SqlServer.ChangeTracking", "..\JDotmim.Sync\Projects\Dotmim.Sync.SqlServer.ChangeTracking\Dotmim.Sync.SqlServer.ChangeTracking.csproj", "{698CDBB5-DBDE-481A-828A-3D03213A96E4}"
EndProject
Global
	GlobalSection(SolutionConfigurationPlatforms) = preSolution
		Debug|Any CPU = Debug|Any CPU
		Release|Any CPU = Release|Any CPU
	EndGlobalSection
	GlobalSection(ProjectConfigurationPlatforms) = postSolution
		{B5E37AD0-0451-41EC-8498-F66B55C6F239}.Debug|Any CPU.ActiveCfg = Debug|Any CPU
		{B5E37AD0-0451-41EC-8498-F66B55C6F239}.Debug|Any CPU.Build.0 = Debug|Any CPU
		{B5E37AD0-0451-41EC-8498-F66B55C6F239}.Release|Any CPU.ActiveCfg = Release|Any CPU
		{B5E37AD0-0451-41EC-8498-F66B55C6F239}.Release|Any CPU.Build.0 = Release|Any CPU
		{9018C7BD-D5DA-406C-B01C-75CB4237B41C}.Debug|Any CPU.ActiveCfg = Debug|Any CPU
		{9018C7BD-D5DA-406C-B01C-75CB4237B41C}.Debug|Any CPU.Build.0 = Debug|Any CPU
		{9018C7BD-D5DA-406C-B01C-75CB4237B41C}.Release|Any CPU.ActiveCfg = Release|Any CPU
		{9018C7BD-D5DA-406C-B01C-75CB4237B41C}.Release|Any CPU.Build.0 = Release|Any CPU
		{AFD8D275-7A09-4DEC-8DD6-3717AFC45E1C}.Debug|Any CPU.ActiveCfg = Debug|Any CPU
		{AFD8D275-7A09-4DEC-8DD6-3717AFC45E1C}.Debug|Any CPU.Build.0 = Debug|Any CPU
		{AFD8D275-7A09-4DEC-8DD6-3717AFC45E1C}.Release|Any CPU.ActiveCfg = Release|Any CPU
		{AFD8D275-7A09-4DEC-8DD6-3717AFC45E1C}.Release|Any CPU.Build.0 = Release|Any CPU
		{6400BD40-7CE0-4A30-B65F-AE061BE4E425}.Debug|Any CPU.ActiveCfg = Debug|Any CPU
		{6400BD40-7CE0-4A30-B65F-AE061BE4E425}.Debug|Any CPU.Build.0 = Debug|Any CPU
		{6400BD40-7CE0-4A30-B65F-AE061BE4E425}.Release|Any CPU.ActiveCfg = Release|Any CPU
		{6400BD40-7CE0-4A30-B65F-AE061BE4E425}.Release|Any CPU.Build.0 = Release|Any CPU
		{C1CD5A75-67A9-4CDB-89B4-DC4F67284D96}.Debug|Any CPU.ActiveCfg = Debug|Any CPU
		{C1CD5A75-67A9-4CDB-89B4-DC4F67284D96}.Debug|Any CPU.Build.0 = Debug|Any CPU
		{C1CD5A75-67A9-4CDB-89B4-DC4F67284D96}.Release|Any CPU.ActiveCfg = Release|Any CPU
		{C1CD5A75-67A9-4CDB-89B4-DC4F67284D96}.Release|Any CPU.Build.0 = Release|Any CPU
		{3006A122-E8AC-4F2B-9D79-79A530947807}.Debug|Any CPU.ActiveCfg = Debug|Any CPU
		{3006A122-E8AC-4F2B-9D79-79A530947807}.Debug|Any CPU.Build.0 = Debug|Any CPU
		{3006A122-E8AC-4F2B-9D79-79A530947807}.Release|Any CPU.ActiveCfg = Release|Any CPU
		{3006A122-E8AC-4F2B-9D79-79A530947807}.Release|Any CPU.Build.0 = Release|Any CPU
		{D762C4B7-CB0B-445B-B948-4A2B7223DCF3}.Debug|Any CPU.ActiveCfg = Debug|Any CPU
		{D762C4B7-CB0B-445B-B948-4A2B7223DCF3}.Debug|Any CPU.Build.0 = Debug|Any CPU
		{D762C4B7-CB0B-445B-B948-4A2B7223DCF3}.Release|Any CPU.ActiveCfg = Release|Any CPU
		{D762C4B7-CB0B-445B-B948-4A2B7223DCF3}.Release|Any CPU.Build.0 = Release|Any CPU
		{971253B3-FD55-41BC-9E84-47C92DFC95E7}.Debug|Any CPU.ActiveCfg = Debug|Any CPU
		{971253B3-FD55-41BC-9E84-47C92DFC95E7}.Debug|Any CPU.Build.0 = Debug|Any CPU
		{971253B3-FD55-41BC-9E84-47C92DFC95E7}.Release|Any CPU.ActiveCfg = Release|Any CPU
		{971253B3-FD55-41BC-9E84-47C92DFC95E7}.Release|Any CPU.Build.0 = Release|Any CPU
		{562A2D67-69F2-4F7C-BBBF-3C60BC6D460A}.Debug|Any CPU.ActiveCfg = Debug|Any CPU
		{562A2D67-69F2-4F7C-BBBF-3C60BC6D460A}.Debug|Any CPU.Build.0 = Debug|Any CPU
		{562A2D67-69F2-4F7C-BBBF-3C60BC6D460A}.Release|Any CPU.ActiveCfg = Release|Any CPU
		{562A2D67-69F2-4F7C-BBBF-3C60BC6D460A}.Release|Any CPU.Build.0 = Release|Any CPU
		{C589FBBC-1891-44C7-8CE8-FA63A13C08F2}.Debug|Any CPU.ActiveCfg = Debug|Any CPU
		{C589FBBC-1891-44C7-8CE8-FA63A13C08F2}.Debug|Any CPU.Build.0 = Debug|Any CPU
		{C589FBBC-1891-44C7-8CE8-FA63A13C08F2}.Release|Any CPU.ActiveCfg = Release|Any CPU
		{C589FBBC-1891-44C7-8CE8-FA63A13C08F2}.Release|Any CPU.Build.0 = Release|Any CPU
		{C593282A-191C-46DE-83AA-14E18F5121D5}.Debug|Any CPU.ActiveCfg = Debug|Any CPU
		{C593282A-191C-46DE-83AA-14E18F5121D5}.Debug|Any CPU.Build.0 = Debug|Any CPU
		{C593282A-191C-46DE-83AA-14E18F5121D5}.Release|Any CPU.ActiveCfg = Release|Any CPU
		{C593282A-191C-46DE-83AA-14E18F5121D5}.Release|Any CPU.Build.0 = Release|Any CPU
		{74D1598A-43BF-486E-B9C0-B67A0E3E5F57}.Debug|Any CPU.ActiveCfg = Debug|Any CPU
		{74D1598A-43BF-486E-B9C0-B67A0E3E5F57}.Debug|Any CPU.Build.0 = Debug|Any CPU
		{74D1598A-43BF-486E-B9C0-B67A0E3E5F57}.Release|Any CPU.ActiveCfg = Release|Any CPU
		{74D1598A-43BF-486E-B9C0-B67A0E3E5F57}.Release|Any CPU.Build.0 = Release|Any CPU
		{7F19F3A6-14B8-4CEA-98F3-1477CC2DAE1F}.Debug|Any CPU.ActiveCfg = Debug|Any CPU
		{7F19F3A6-14B8-4CEA-98F3-1477CC2DAE1F}.Debug|Any CPU.Build.0 = Debug|Any CPU
		{7F19F3A6-14B8-4CEA-98F3-1477CC2DAE1F}.Release|Any CPU.ActiveCfg = Release|Any CPU
		{7F19F3A6-14B8-4CEA-98F3-1477CC2DAE1F}.Release|Any CPU.Build.0 = Release|Any CPU
		{DD5626D3-F4DC-433F-B34E-7D0FEECB837B}.Debug|Any CPU.ActiveCfg = Debug|Any CPU
		{DD5626D3-F4DC-433F-B34E-7D0FEECB837B}.Debug|Any CPU.Build.0 = Debug|Any CPU
		{DD5626D3-F4DC-433F-B34E-7D0FEECB837B}.Release|Any CPU.ActiveCfg = Release|Any CPU
		{DD5626D3-F4DC-433F-B34E-7D0FEECB837B}.Release|Any CPU.Build.0 = Release|Any CPU
		{5B38D15C-C362-46E0-AE2E-C2FC95543518}.Debug|Any CPU.ActiveCfg = Debug|Any CPU
		{5B38D15C-C362-46E0-AE2E-C2FC95543518}.Debug|Any CPU.Build.0 = Debug|Any CPU
		{5B38D15C-C362-46E0-AE2E-C2FC95543518}.Release|Any CPU.ActiveCfg = Release|Any CPU
		{5B38D15C-C362-46E0-AE2E-C2FC95543518}.Release|Any CPU.Build.0 = Release|Any CPU
		{64DC2298-2665-4F13-914F-589F2D31DC42}.Debug|Any CPU.ActiveCfg = Debug|Any CPU
		{64DC2298-2665-4F13-914F-589F2D31DC42}.Debug|Any CPU.Build.0 = Debug|Any CPU
		{64DC2298-2665-4F13-914F-589F2D31DC42}.Release|Any CPU.ActiveCfg = Release|Any CPU
		{64DC2298-2665-4F13-914F-589F2D31DC42}.Release|Any CPU.Build.0 = Release|Any CPU
		{DABDE70D-5A06-465B-AE7A-DF50032E289A}.Debug|Any CPU.ActiveCfg = Debug|Any CPU
		{DABDE70D-5A06-465B-AE7A-DF50032E289A}.Debug|Any CPU.Build.0 = Debug|Any CPU
		{DABDE70D-5A06-465B-AE7A-DF50032E289A}.Release|Any CPU.ActiveCfg = Release|Any CPU
		{DABDE70D-5A06-465B-AE7A-DF50032E289A}.Release|Any CPU.Build.0 = Release|Any CPU
		{698CDBB5-DBDE-481A-828A-3D03213A96E4}.Debug|Any CPU.ActiveCfg = Debug|Any CPU
		{698CDBB5-DBDE-481A-828A-3D03213A96E4}.Debug|Any CPU.Build.0 = Debug|Any CPU
		{698CDBB5-DBDE-481A-828A-3D03213A96E4}.Release|Any CPU.ActiveCfg = Release|Any CPU
		{698CDBB5-DBDE-481A-828A-3D03213A96E4}.Release|Any CPU.Build.0 = Release|Any CPU
	EndGlobalSection
	GlobalSection(SolutionProperties) = preSolution
		HideSolutionNode = FALSE
	EndGlobalSection
	GlobalSection(NestedProjects) = preSolution
		{B5E37AD0-0451-41EC-8498-F66B55C6F239} = {A6DECE62-8499-4728-A573-7DAB821857D5}
		{9018C7BD-D5DA-406C-B01C-75CB4237B41C} = {A6DECE62-8499-4728-A573-7DAB821857D5}
		{6400BD40-7CE0-4A30-B65F-AE061BE4E425} = {1FBC6BEA-6CAF-49A5-9FDB-B1D32DF76D22}
		{6BDD2B68-EED0-4DEC-95A4-982579E4C11F} = {04945184-A793-460B-9E99-1677344634DB}
		{C1CD5A75-67A9-4CDB-89B4-DC4F67284D96} = {0218FE7A-E0BE-4792-B2F3-CBB2E7A75E8C}
		{3006A122-E8AC-4F2B-9D79-79A530947807} = {1FBC6BEA-6CAF-49A5-9FDB-B1D32DF76D22}
		{D762C4B7-CB0B-445B-B948-4A2B7223DCF3} = {1FBC6BEA-6CAF-49A5-9FDB-B1D32DF76D22}
		{210E0F53-D134-4BC3-883A-2210C23DE632} = {04945184-A793-460B-9E99-1677344634DB}
		{971253B3-FD55-41BC-9E84-47C92DFC95E7} = {210E0F53-D134-4BC3-883A-2210C23DE632}
		{562A2D67-69F2-4F7C-BBBF-3C60BC6D460A} = {04945184-A793-460B-9E99-1677344634DB}
		{C589FBBC-1891-44C7-8CE8-FA63A13C08F2} = {6BDD2B68-EED0-4DEC-95A4-982579E4C11F}
		{C593282A-191C-46DE-83AA-14E18F5121D5} = {6BDD2B68-EED0-4DEC-95A4-982579E4C11F}
		{74D1598A-43BF-486E-B9C0-B67A0E3E5F57} = {6BDD2B68-EED0-4DEC-95A4-982579E4C11F}
		{7F19F3A6-14B8-4CEA-98F3-1477CC2DAE1F} = {32C675E5-A9CC-4CCE-9E53-5C11C878B80D}
		{DD5626D3-F4DC-433F-B34E-7D0FEECB837B} = {32C675E5-A9CC-4CCE-9E53-5C11C878B80D}
		{5B38D15C-C362-46E0-AE2E-C2FC95543518} = {32C675E5-A9CC-4CCE-9E53-5C11C878B80D}
		{64DC2298-2665-4F13-914F-589F2D31DC42} = {0218FE7A-E0BE-4792-B2F3-CBB2E7A75E8C}
		{DABDE70D-5A06-465B-AE7A-DF50032E289A} = {0218FE7A-E0BE-4792-B2F3-CBB2E7A75E8C}
		{698CDBB5-DBDE-481A-828A-3D03213A96E4} = {0218FE7A-E0BE-4792-B2F3-CBB2E7A75E8C}
	EndGlobalSection
	GlobalSection(ExtensibilityGlobals) = postSolution
		SolutionGuid = {C162C589-90F1-41BB-A1C8-5C250EDB98A3}
	EndGlobalSection
EndGlobal
