
Microsoft Visual Studio Solution File, Format Version 12.00
# Visual Studio Version 17
VisualStudioVersion = 17.8.34330.188
MinimumVisualStudioVersion = 10.0.40219.1
Project("{2150E333-8FDC-42A3-9474-1A3956D46DE8}") = "Dependencies", "Dependencies", "{F332992A-A8EE-410A-9EA8-A172EC4C145B}"
EndProject
Project("{9A19103F-16F7-4668-BE54-9A1E7A4F7556}") = "James.Data.Server", "..\..\Data\JamesDAL.Server\James.Data.Server.csproj", "{BD68A1B1-B5BA-4D54-A486-7C1B95A55AF2}"
EndProject
Project("{9A19103F-16F7-4668-BE54-9A1E7A4F7556}") = "HotChocolatePOC", "..\HotChocolatePOC\HotChocolatePOC.csproj", "{6F42CBB1-D190-4CD5-AF4E-6AF0756B58E2}"
EndProject
Project("{9A19103F-16F7-4668-BE54-9A1E7A4F7556}") = "James.Shared", "..\..\Shared\James.Shared.csproj", "{C613027B-1084-40C9-9E8C-E82114A650B1}"
EndProject
Project("{2150E333-8FDC-42A3-9474-1A3956D46DE8}") = "ChilliCream", "ChilliCream", "{72F6B50F-1748-4B3D-9E57-9C11C561C744}"
EndProject
Project("{2150E333-8FDC-42A3-9474-1A3956D46DE8}") = "UI", "UI", "{701F9FE5-6EE0-44D6-B70F-08241C969561}"
EndProject
Project("{9A19103F-16F7-4668-BE54-9A1E7A4F7556}") = "StrawberryShakeWASM", "..\UI\StrawberryShakeWASM\StrawberryShakeWASM\StrawberryShakeWASM.csproj", "{DAE18E5D-A908-4832-8F0C-AFD5459CCC9F}"
EndProject
Project("{9A19103F-16F7-4668-BE54-9A1E7A4F7556}") = "StrawberryShakeWASM.Client", "..\UI\StrawberryShakeWASM\StrawberryShakeWASM.Client\StrawberryShakeWASM.Client.csproj", "{DBA75A32-E685-417D-BA32-F7F7116D1121}"
EndProject
Project("{FAE04EC0-301F-11D3-BF4B-00C04F79EFBC}") = "POCTestProject", "POCTestProject\POCTestProject.csproj", "{40616772-CC09-4C4C-8109-8C441E54EFA2}"
EndProject
Global
	GlobalSection(SolutionConfigurationPlatforms) = preSolution
		Debug|Any CPU = Debug|Any CPU
		Release|Any CPU = Release|Any CPU
	EndGlobalSection
	GlobalSection(ProjectConfigurationPlatforms) = postSolution
		{BD68A1B1-B5BA-4D54-A486-7C1B95A55AF2}.Debug|Any CPU.ActiveCfg = Debug|Any CPU
		{BD68A1B1-B5BA-4D54-A486-7C1B95A55AF2}.Debug|Any CPU.Build.0 = Debug|Any CPU
		{BD68A1B1-B5BA-4D54-A486-7C1B95A55AF2}.Release|Any CPU.ActiveCfg = Release|Any CPU
		{BD68A1B1-B5BA-4D54-A486-7C1B95A55AF2}.Release|Any CPU.Build.0 = Release|Any CPU
		{6F42CBB1-D190-4CD5-AF4E-6AF0756B58E2}.Debug|Any CPU.ActiveCfg = Debug|Any CPU
		{6F42CBB1-D190-4CD5-AF4E-6AF0756B58E2}.Debug|Any CPU.Build.0 = Debug|Any CPU
		{6F42CBB1-D190-4CD5-AF4E-6AF0756B58E2}.Release|Any CPU.ActiveCfg = Release|Any CPU
		{6F42CBB1-D190-4CD5-AF4E-6AF0756B58E2}.Release|Any CPU.Build.0 = Release|Any CPU
		{C613027B-1084-40C9-9E8C-E82114A650B1}.Debug|Any CPU.ActiveCfg = Debug|Any CPU
		{C613027B-1084-40C9-9E8C-E82114A650B1}.Debug|Any CPU.Build.0 = Debug|Any CPU
		{C613027B-1084-40C9-9E8C-E82114A650B1}.Release|Any CPU.ActiveCfg = Release|Any CPU
		{C613027B-1084-40C9-9E8C-E82114A650B1}.Release|Any CPU.Build.0 = Release|Any CPU
		{DAE18E5D-A908-4832-8F0C-AFD5459CCC9F}.Debug|Any CPU.ActiveCfg = Debug|Any CPU
		{DAE18E5D-A908-4832-8F0C-AFD5459CCC9F}.Debug|Any CPU.Build.0 = Debug|Any CPU
		{DAE18E5D-A908-4832-8F0C-AFD5459CCC9F}.Release|Any CPU.ActiveCfg = Release|Any CPU
		{DAE18E5D-A908-4832-8F0C-AFD5459CCC9F}.Release|Any CPU.Build.0 = Release|Any CPU
		{DBA75A32-E685-417D-BA32-F7F7116D1121}.Debug|Any CPU.ActiveCfg = Debug|Any CPU
		{DBA75A32-E685-417D-BA32-F7F7116D1121}.Debug|Any CPU.Build.0 = Debug|Any CPU
		{DBA75A32-E685-417D-BA32-F7F7116D1121}.Release|Any CPU.ActiveCfg = Release|Any CPU
		{DBA75A32-E685-417D-BA32-F7F7116D1121}.Release|Any CPU.Build.0 = Release|Any CPU
		{40616772-CC09-4C4C-8109-8C441E54EFA2}.Debug|Any CPU.ActiveCfg = Debug|Any CPU
		{40616772-CC09-4C4C-8109-8C441E54EFA2}.Debug|Any CPU.Build.0 = Debug|Any CPU
		{40616772-CC09-4C4C-8109-8C441E54EFA2}.Release|Any CPU.ActiveCfg = Release|Any CPU
		{40616772-CC09-4C4C-8109-8C441E54EFA2}.Release|Any CPU.Build.0 = Release|Any CPU
	EndGlobalSection
	GlobalSection(SolutionProperties) = preSolution
		HideSolutionNode = FALSE
	EndGlobalSection
	GlobalSection(NestedProjects) = preSolution
		{BD68A1B1-B5BA-4D54-A486-7C1B95A55AF2} = {F332992A-A8EE-410A-9EA8-A172EC4C145B}
		{6F42CBB1-D190-4CD5-AF4E-6AF0756B58E2} = {72F6B50F-1748-4B3D-9E57-9C11C561C744}
		{C613027B-1084-40C9-9E8C-E82114A650B1} = {F332992A-A8EE-410A-9EA8-A172EC4C145B}
		{DAE18E5D-A908-4832-8F0C-AFD5459CCC9F} = {701F9FE5-6EE0-44D6-B70F-08241C969561}
		{DBA75A32-E685-417D-BA32-F7F7116D1121} = {701F9FE5-6EE0-44D6-B70F-08241C969561}
	EndGlobalSection
	GlobalSection(ExtensibilityGlobals) = postSolution
		SolutionGuid = {4467176A-AF88-442A-8519-EE1DC1C48995}
	EndGlobalSection
EndGlobal
