
Microsoft Visual Studio Solution File, Format Version 12.00
# Visual Studio Version 17
VisualStudioVersion = 17.7.34031.279
MinimumVisualStudioVersion = 10.0.40219.1
Project("{FAE04EC0-301F-11D3-BF4B-00C04F79EFBC}") = "TestJamesDbCreator", "TestJamesDbCreator\TestJamesDbCreator.csproj", "{4F6767F3-1390-4F54-8113-DA8F50CBEC98}"
EndProject
Global
	GlobalSection(SolutionConfigurationPlatforms) = preSolution
		Debug|Any CPU = Debug|Any CPU
		Release|Any CPU = Release|Any CPU
	EndGlobalSection
	GlobalSection(ProjectConfigurationPlatforms) = postSolution
		{4F6767F3-1390-4F54-8113-DA8F50CBEC98}.Debug|Any CPU.ActiveCfg = Debug|Any CPU
		{4F6767F3-1390-4F54-8113-DA8F50CBEC98}.Debug|Any CPU.Build.0 = Debug|Any CPU
		{4F6767F3-1390-4F54-8113-DA8F50CBEC98}.Release|Any CPU.ActiveCfg = Release|Any CPU
		{4F6767F3-1390-4F54-8113-DA8F50CBEC98}.Release|Any CPU.Build.0 = Release|Any CPU
	EndGlobalSection
	GlobalSection(SolutionProperties) = preSolution
		HideSolutionNode = FALSE
	EndGlobalSection
	GlobalSection(ExtensibilityGlobals) = postSolution
		SolutionGuid = {D6E6D41C-A6EE-441F-A9A7-E2517963733A}
	EndGlobalSection
EndGlobal
